
Microsoft Visual Studio Solution File, Format Version 12.00
# Visual Studio Version 17
VisualStudioVersion = 17.4.33103.184
MinimumVisualStudioVersion = 10.0.40219.1
Project("{2150E333-8FDC-42A3-9474-1A3956D46DE8}") = "src", "src", "{3ABB7B4B-8E76-4052-94A1-AD588883531E}"
EndProject
Project("{2150E333-8FDC-42A3-9474-1A3956D46DE8}") = "Core", "Core", "{42B956E5-B55D-407C-8A7E-9EA556C552BF}"
EndProject
Project("{2150E333-8FDC-42A3-9474-1A3956D46DE8}") = "Infrastructure", "Infrastructure", "{933ACC39-C088-4DD5-B90B-A6F494EC8813}"
EndProject
Project("{9A19103F-16F7-4668-BE54-9A1E7A4F7556}") = "CarRental.Domain", "CarRental.Domain\CarRental.Domain.csproj", "{050708D0-62C2-411D-B87C-3D9133EF6FDA}"
EndProject
Project("{9A19103F-16F7-4668-BE54-9A1E7A4F7556}") = "CarRental.Application", "CarRental.Application\CarRental.Application.csproj", "{312EE6C9-B3EC-462B-A0B6-66F070A812DB}"
EndProject
Project("{FAE04EC0-301F-11D3-BF4B-00C04F79EFBC}") = "CarRental.Common.Abstractions", "CarRental.Common.Abstractions\CarRental.Common.Abstractions.csproj", "{61F849BD-59D0-44D4-B81B-C6B6429088A3}"
EndProject
Project("{FAE04EC0-301F-11D3-BF4B-00C04F79EFBC}") = "CarRental.Persistance.EF", "CarRental.Persistance.EF\CarRental.Persistance.EF.csproj", "{4BF32927-7E7A-4B38-8252-5F121C9FADE4}"
EndProject
Project("{2150E333-8FDC-42A3-9474-1A3956D46DE8}") = "API", "API", "{1D1AE051-5BFC-4905-9E9E-FAD306CA06F9}"
EndProject
Project("{FAE04EC0-301F-11D3-BF4B-00C04F79EFBC}") = "CarRental.Api", "CarRental.Api\CarRental.Api.csproj", "{ADC04B23-A7C3-40D3-BE3E-CAA40C6EB626}"
EndProject
Global
	GlobalSection(SolutionConfigurationPlatforms) = preSolution
		Debug|Any CPU = Debug|Any CPU
		Release|Any CPU = Release|Any CPU
	EndGlobalSection
	GlobalSection(ProjectConfigurationPlatforms) = postSolution
		{050708D0-62C2-411D-B87C-3D9133EF6FDA}.Debug|Any CPU.ActiveCfg = Debug|Any CPU
		{050708D0-62C2-411D-B87C-3D9133EF6FDA}.Debug|Any CPU.Build.0 = Debug|Any CPU
		{050708D0-62C2-411D-B87C-3D9133EF6FDA}.Release|Any CPU.ActiveCfg = Release|Any CPU
		{050708D0-62C2-411D-B87C-3D9133EF6FDA}.Release|Any CPU.Build.0 = Release|Any CPU
		{312EE6C9-B3EC-462B-A0B6-66F070A812DB}.Debug|Any CPU.ActiveCfg = Debug|Any CPU
		{312EE6C9-B3EC-462B-A0B6-66F070A812DB}.Debug|Any CPU.Build.0 = Debug|Any CPU
		{312EE6C9-B3EC-462B-A0B6-66F070A812DB}.Release|Any CPU.ActiveCfg = Release|Any CPU
		{312EE6C9-B3EC-462B-A0B6-66F070A812DB}.Release|Any CPU.Build.0 = Release|Any CPU
		{61F849BD-59D0-44D4-B81B-C6B6429088A3}.Debug|Any CPU.ActiveCfg = Debug|Any CPU
		{61F849BD-59D0-44D4-B81B-C6B6429088A3}.Debug|Any CPU.Build.0 = Debug|Any CPU
		{61F849BD-59D0-44D4-B81B-C6B6429088A3}.Release|Any CPU.ActiveCfg = Release|Any CPU
		{61F849BD-59D0-44D4-B81B-C6B6429088A3}.Release|Any CPU.Build.0 = Release|Any CPU
		{4BF32927-7E7A-4B38-8252-5F121C9FADE4}.Debug|Any CPU.ActiveCfg = Debug|Any CPU
		{4BF32927-7E7A-4B38-8252-5F121C9FADE4}.Debug|Any CPU.Build.0 = Debug|Any CPU
		{4BF32927-7E7A-4B38-8252-5F121C9FADE4}.Release|Any CPU.ActiveCfg = Release|Any CPU
		{4BF32927-7E7A-4B38-8252-5F121C9FADE4}.Release|Any CPU.Build.0 = Release|Any CPU
		{ADC04B23-A7C3-40D3-BE3E-CAA40C6EB626}.Debug|Any CPU.ActiveCfg = Debug|Any CPU
		{ADC04B23-A7C3-40D3-BE3E-CAA40C6EB626}.Debug|Any CPU.Build.0 = Debug|Any CPU
		{ADC04B23-A7C3-40D3-BE3E-CAA40C6EB626}.Release|Any CPU.ActiveCfg = Release|Any CPU
		{ADC04B23-A7C3-40D3-BE3E-CAA40C6EB626}.Release|Any CPU.Build.0 = Release|Any CPU
	EndGlobalSection
	GlobalSection(SolutionProperties) = preSolution
		HideSolutionNode = FALSE
	EndGlobalSection
	GlobalSection(NestedProjects) = preSolution
		{42B956E5-B55D-407C-8A7E-9EA556C552BF} = {3ABB7B4B-8E76-4052-94A1-AD588883531E}
		{933ACC39-C088-4DD5-B90B-A6F494EC8813} = {3ABB7B4B-8E76-4052-94A1-AD588883531E}
		{050708D0-62C2-411D-B87C-3D9133EF6FDA} = {42B956E5-B55D-407C-8A7E-9EA556C552BF}
		{312EE6C9-B3EC-462B-A0B6-66F070A812DB} = {42B956E5-B55D-407C-8A7E-9EA556C552BF}
		{61F849BD-59D0-44D4-B81B-C6B6429088A3} = {933ACC39-C088-4DD5-B90B-A6F494EC8813}
		{4BF32927-7E7A-4B38-8252-5F121C9FADE4} = {933ACC39-C088-4DD5-B90B-A6F494EC8813}
		{1D1AE051-5BFC-4905-9E9E-FAD306CA06F9} = {3ABB7B4B-8E76-4052-94A1-AD588883531E}
		{ADC04B23-A7C3-40D3-BE3E-CAA40C6EB626} = {1D1AE051-5BFC-4905-9E9E-FAD306CA06F9}
	EndGlobalSection
	GlobalSection(ExtensibilityGlobals) = postSolution
		SolutionGuid = {885FB8E3-82CE-4F78-972F-35F9F1B531F5}
	EndGlobalSection
EndGlobal
